
Microsoft Visual Studio Solution File, Format Version 12.00
# Visual Studio Version 17
VisualStudioVersion = 17.0.31903.59
MinimumVisualStudioVersion = 10.0.40219.1
Project("{9A19103F-16F7-4668-BE54-9A1E7A4F7556}") = "Nox.Reference.PhoneNumbers", "Nox.Reference.PhoneNumbers\Nox.Reference.PhoneNumbers.csproj", "{810F93EE-0542-4EB7-B63F-268316013F1E}"
EndProject
Project("{9A19103F-16F7-4668-BE54-9A1E7A4F7556}") = "Nox.Reference.Abstractions", "Nox.Reference.Abstractions\Nox.Reference.Abstractions.csproj", "{14684838-9E31-4177-8E46-525285F72618}"
EndProject
Project("{9A19103F-16F7-4668-BE54-9A1E7A4F7556}") = "Nox.Reference.PhoneNumbers.Tests", "..\tests\Nox.Reference.PhoneNumbers.Tests\Nox.Reference.PhoneNumbers.Tests.csproj", "{6EA6C2FB-31B5-46E2-9A6F-3631DC6BE83F}"
EndProject
Global
	GlobalSection(SolutionConfigurationPlatforms) = preSolution
		Debug|Any CPU = Debug|Any CPU
		Release|Any CPU = Release|Any CPU
	EndGlobalSection
	GlobalSection(ProjectConfigurationPlatforms) = postSolution
		{810F93EE-0542-4EB7-B63F-268316013F1E}.Debug|Any CPU.ActiveCfg = Debug|Any CPU
		{810F93EE-0542-4EB7-B63F-268316013F1E}.Debug|Any CPU.Build.0 = Debug|Any CPU
		{810F93EE-0542-4EB7-B63F-268316013F1E}.Release|Any CPU.ActiveCfg = Release|Any CPU
		{810F93EE-0542-4EB7-B63F-268316013F1E}.Release|Any CPU.Build.0 = Release|Any CPU
		{14684838-9E31-4177-8E46-525285F72618}.Debug|Any CPU.ActiveCfg = Debug|Any CPU
		{14684838-9E31-4177-8E46-525285F72618}.Debug|Any CPU.Build.0 = Debug|Any CPU
		{14684838-9E31-4177-8E46-525285F72618}.Release|Any CPU.ActiveCfg = Release|Any CPU
		{14684838-9E31-4177-8E46-525285F72618}.Release|Any CPU.Build.0 = Release|Any CPU
		{6EA6C2FB-31B5-46E2-9A6F-3631DC6BE83F}.Debug|Any CPU.ActiveCfg = Debug|Any CPU
		{6EA6C2FB-31B5-46E2-9A6F-3631DC6BE83F}.Debug|Any CPU.Build.0 = Debug|Any CPU
		{6EA6C2FB-31B5-46E2-9A6F-3631DC6BE83F}.Release|Any CPU.ActiveCfg = Release|Any CPU
		{6EA6C2FB-31B5-46E2-9A6F-3631DC6BE83F}.Release|Any CPU.Build.0 = Release|Any CPU
	EndGlobalSection
	GlobalSection(SolutionProperties) = preSolution
		HideSolutionNode = FALSE
	EndGlobalSection
	GlobalSection(ExtensibilityGlobals) = postSolution
		SolutionGuid = {0CAE0589-FF10-4A9A-949C-4BB11AB1397C}
	EndGlobalSection
EndGlobal
