
Microsoft Visual Studio Solution File, Format Version 12.00
# Visual Studio Version 17
VisualStudioVersion = 17.0.31903.59
MinimumVisualStudioVersion = 10.0.40219.1
Project("{2150E333-8FDC-42A3-9474-1A3956D46DE8}") = "tests", "tests", "{30573BE2-24E0-491F-AC22-01B487A90806}"
EndProject
Project("{9A19103F-16F7-4668-BE54-9A1E7A4F7556}") = "Nox.Reference.Common", "Nox.Reference.Common\Nox.Reference.Common.csproj", "{BA0B7BE9-7B1B-4F38-9D7C-CA705DE62213}"
EndProject
Project("{9A19103F-16F7-4668-BE54-9A1E7A4F7556}") = "Nox.Reference.GetTestData", "..\tests\Nox.Reference.GetTestData\Nox.Reference.GetTestData.csproj", "{18B526F8-95FA-4291-8A46-14CFF3BDF842}"
EndProject
Project("{9A19103F-16F7-4668-BE54-9A1E7A4F7556}") = "Nox.Reference.Data.Common", "Nox.Reference.Data.Common\Nox.Reference.Data.Common.csproj", "{47F01B3C-A544-45EF-BD9E-7E9B56FC3D31}"
EndProject
Project("{9A19103F-16F7-4668-BE54-9A1E7A4F7556}") = "Nox.Reference.DataLoaders", "Nox.Refeence.DataLoaders\Nox.Reference.DataLoaders.csproj", "{17EDB539-210C-4C8F-8C31-4FCF64190348}"
EndProject
Project("{9A19103F-16F7-4668-BE54-9A1E7A4F7556}") = "Nox.Reference.Data.World", "Nox.Reference.Data.World\Nox.Reference.Data.World.csproj", "{DD9F2EB2-B479-4879-9B61-161FA14579B6}"
EndProject
Project("{9A19103F-16F7-4668-BE54-9A1E7A4F7556}") = "Nox.Reference.Data.Machine", "Nox.Reference.Data.Machine\Nox.Reference.Data.Machine.csproj", "{D7F1F230-4B33-4937-B0D0-385C1BFA47FE}"
EndProject
Project("{9A19103F-16F7-4668-BE54-9A1E7A4F7556}") = "Nox.Reference.Data.Machine.Tests", "..\tests\Nox.Reference.Data.Machine.Tests\Nox.Reference.Data.Machine.Tests.csproj", "{BF20207D-1DB9-41F4-8AA6-94ABE1AE4C6C}"
EndProject
Project("{9A19103F-16F7-4668-BE54-9A1E7A4F7556}") = "Nox.Reference.Data.World.Tests", "..\tests\Nox.Reference.Data.World.Tests\Nox.Reference.Data.World.Tests.csproj", "{376E4E14-9477-4BC4-BF00-15274A0F27C7}"
EndProject
Project("{FAE04EC0-301F-11D3-BF4B-00C04F79EFBC}") = "Nox.Demo", "Nox.Demo\Nox.Demo.csproj", "{6E2D52B6-AB3A-4F52-BD8B-A87025B84F9B}"
EndProject
Global
	GlobalSection(SolutionConfigurationPlatforms) = preSolution
		Debug|Any CPU = Debug|Any CPU
		Release|Any CPU = Release|Any CPU
	EndGlobalSection
	GlobalSection(ProjectConfigurationPlatforms) = postSolution
		{BA0B7BE9-7B1B-4F38-9D7C-CA705DE62213}.Debug|Any CPU.ActiveCfg = Debug|Any CPU
		{BA0B7BE9-7B1B-4F38-9D7C-CA705DE62213}.Debug|Any CPU.Build.0 = Debug|Any CPU
		{BA0B7BE9-7B1B-4F38-9D7C-CA705DE62213}.Release|Any CPU.ActiveCfg = Release|Any CPU
		{BA0B7BE9-7B1B-4F38-9D7C-CA705DE62213}.Release|Any CPU.Build.0 = Release|Any CPU
		{18B526F8-95FA-4291-8A46-14CFF3BDF842}.Debug|Any CPU.ActiveCfg = Debug|Any CPU
		{18B526F8-95FA-4291-8A46-14CFF3BDF842}.Debug|Any CPU.Build.0 = Debug|Any CPU
		{18B526F8-95FA-4291-8A46-14CFF3BDF842}.Release|Any CPU.ActiveCfg = Release|Any CPU
		{18B526F8-95FA-4291-8A46-14CFF3BDF842}.Release|Any CPU.Build.0 = Release|Any CPU
		{47F01B3C-A544-45EF-BD9E-7E9B56FC3D31}.Debug|Any CPU.ActiveCfg = Debug|Any CPU
		{47F01B3C-A544-45EF-BD9E-7E9B56FC3D31}.Debug|Any CPU.Build.0 = Debug|Any CPU
		{47F01B3C-A544-45EF-BD9E-7E9B56FC3D31}.Release|Any CPU.ActiveCfg = Release|Any CPU
		{47F01B3C-A544-45EF-BD9E-7E9B56FC3D31}.Release|Any CPU.Build.0 = Release|Any CPU
		{17EDB539-210C-4C8F-8C31-4FCF64190348}.Debug|Any CPU.ActiveCfg = Debug|Any CPU
		{17EDB539-210C-4C8F-8C31-4FCF64190348}.Debug|Any CPU.Build.0 = Debug|Any CPU
		{17EDB539-210C-4C8F-8C31-4FCF64190348}.Release|Any CPU.ActiveCfg = Release|Any CPU
		{17EDB539-210C-4C8F-8C31-4FCF64190348}.Release|Any CPU.Build.0 = Release|Any CPU
		{DD9F2EB2-B479-4879-9B61-161FA14579B6}.Debug|Any CPU.ActiveCfg = Debug|Any CPU
		{DD9F2EB2-B479-4879-9B61-161FA14579B6}.Debug|Any CPU.Build.0 = Debug|Any CPU
		{DD9F2EB2-B479-4879-9B61-161FA14579B6}.Release|Any CPU.ActiveCfg = Release|Any CPU
		{DD9F2EB2-B479-4879-9B61-161FA14579B6}.Release|Any CPU.Build.0 = Release|Any CPU
		{D7F1F230-4B33-4937-B0D0-385C1BFA47FE}.Debug|Any CPU.ActiveCfg = Debug|Any CPU
		{D7F1F230-4B33-4937-B0D0-385C1BFA47FE}.Debug|Any CPU.Build.0 = Debug|Any CPU
		{D7F1F230-4B33-4937-B0D0-385C1BFA47FE}.Release|Any CPU.ActiveCfg = Release|Any CPU
		{D7F1F230-4B33-4937-B0D0-385C1BFA47FE}.Release|Any CPU.Build.0 = Release|Any CPU
		{BF20207D-1DB9-41F4-8AA6-94ABE1AE4C6C}.Debug|Any CPU.ActiveCfg = Debug|Any CPU
		{BF20207D-1DB9-41F4-8AA6-94ABE1AE4C6C}.Debug|Any CPU.Build.0 = Debug|Any CPU
		{BF20207D-1DB9-41F4-8AA6-94ABE1AE4C6C}.Release|Any CPU.ActiveCfg = Release|Any CPU
		{BF20207D-1DB9-41F4-8AA6-94ABE1AE4C6C}.Release|Any CPU.Build.0 = Release|Any CPU
		{376E4E14-9477-4BC4-BF00-15274A0F27C7}.Debug|Any CPU.ActiveCfg = Debug|Any CPU
		{376E4E14-9477-4BC4-BF00-15274A0F27C7}.Debug|Any CPU.Build.0 = Debug|Any CPU
		{376E4E14-9477-4BC4-BF00-15274A0F27C7}.Release|Any CPU.ActiveCfg = Release|Any CPU
		{376E4E14-9477-4BC4-BF00-15274A0F27C7}.Release|Any CPU.Build.0 = Release|Any CPU
		{6E2D52B6-AB3A-4F52-BD8B-A87025B84F9B}.Debug|Any CPU.ActiveCfg = Debug|Any CPU
		{6E2D52B6-AB3A-4F52-BD8B-A87025B84F9B}.Debug|Any CPU.Build.0 = Debug|Any CPU
		{6E2D52B6-AB3A-4F52-BD8B-A87025B84F9B}.Release|Any CPU.ActiveCfg = Release|Any CPU
		{6E2D52B6-AB3A-4F52-BD8B-A87025B84F9B}.Release|Any CPU.Build.0 = Release|Any CPU
	EndGlobalSection
	GlobalSection(SolutionProperties) = preSolution
		HideSolutionNode = FALSE
	EndGlobalSection
	GlobalSection(NestedProjects) = preSolution
		{18B526F8-95FA-4291-8A46-14CFF3BDF842} = {30573BE2-24E0-491F-AC22-01B487A90806}
		{BF20207D-1DB9-41F4-8AA6-94ABE1AE4C6C} = {30573BE2-24E0-491F-AC22-01B487A90806}
		{376E4E14-9477-4BC4-BF00-15274A0F27C7} = {30573BE2-24E0-491F-AC22-01B487A90806}
	EndGlobalSection
	GlobalSection(ExtensibilityGlobals) = postSolution
		SolutionGuid = {0CAE0589-FF10-4A9A-949C-4BB11AB1397C}
	EndGlobalSection
EndGlobal
